
Microsoft Visual Studio Solution File, Format Version 12.00
# Visual Studio Version 16
VisualStudioVersion = 16.0.31702.278
MinimumVisualStudioVersion = 10.0.40219.1
Project("{FAE04EC0-301F-11D3-BF4B-00C04F79EFBC}") = "ServerConfigForm-P5-018", "ServerConfigForm-P5-018\ServerConfigForm-P5-018.csproj", "{6A420088-3DDC-417E-8F11-D314E519D227}"
EndProject
Global
	GlobalSection(SolutionConfigurationPlatforms) = preSolution
		Debug|Any CPU = Debug|Any CPU
		Release|Any CPU = Release|Any CPU
	EndGlobalSection
	GlobalSection(ProjectConfigurationPlatforms) = postSolution
		{6A420088-3DDC-417E-8F11-D314E519D227}.Debug|Any CPU.ActiveCfg = Debug|Any CPU
		{6A420088-3DDC-417E-8F11-D314E519D227}.Debug|Any CPU.Build.0 = Debug|Any CPU
		{6A420088-3DDC-417E-8F11-D314E519D227}.Release|Any CPU.ActiveCfg = Release|Any CPU
		{6A420088-3DDC-417E-8F11-D314E519D227}.Release|Any CPU.Build.0 = Release|Any CPU
	EndGlobalSection
	GlobalSection(SolutionProperties) = preSolution
		HideSolutionNode = FALSE
	EndGlobalSection
	GlobalSection(ExtensibilityGlobals) = postSolution
		SolutionGuid = {F01593C7-32B7-4A11-A991-52CE1ACDA598}
	EndGlobalSection
EndGlobal
